// !$*UTF8*$!
{
	archiveVersion = 1;
	classes = {
	};
	objectVersion = 46;
	objects = {

/* Begin PBXBuildFile section */
		7CF226E91E33E15B00D38A76 /* AppDelegate.m in Sources */ = {isa = PBXBuildFile; fileRef = 7CF226E81E33E15B00D38A76 /* AppDelegate.m */; };
		7CF226EC1E33E15B00D38A76 /* main.m in Sources */ = {isa = PBXBuildFile; fileRef = 7CF226EB1E33E15B00D38A76 /* main.m */; };
		7CF226EE1E33E15B00D38A76 /* Assets.xcassets in Resources */ = {isa = PBXBuildFile; fileRef = 7CF226ED1E33E15B00D38A76 /* Assets.xcassets */; };
		7CF226F11E33E15B00D38A76 /* MainMenu.xib in Resources */ = {isa = PBXBuildFile; fileRef = 7CF226EF1E33E15B00D38A76 /* MainMenu.xib */; };
		7CF85A811E35ACB40094C296 /* ProductData.m in Sources */ = {isa = PBXBuildFile; fileRef = 7CF85A801E35ACB40094C296 /* ProductData.m */; };
		7CF85A841E35AD6E0094C296 /* ProductListData.m in Sources */ = {isa = PBXBuildFile; fileRef = 7CF85A831E35AD6E0094C296 /* ProductListData.m */; };
/* End PBXBuildFile section */

/* Begin PBXFileReference section */
		7CF226E41E33E15B00D38A76 /* MasterDetail.app */ = {isa = PBXFileReference; explicitFileType = wrapper.application; includeInIndex = 0; path = MasterDetail.app; sourceTree = BUILT_PRODUCTS_DIR; };
		7CF226E71E33E15B00D38A76 /* AppDelegate.h */ = {isa = PBXFileReference; lastKnownFileType = sourcecode.c.h; path = AppDelegate.h; sourceTree = "<group>"; };
		7CF226E81E33E15B00D38A76 /* AppDelegate.m */ = {isa = PBXFileReference; lastKnownFileType = sourcecode.c.objc; path = AppDelegate.m; sourceTree = "<group>"; };
		7CF226EB1E33E15B00D38A76 /* main.m */ = {isa = PBXFileReference; lastKnownFileType = sourcecode.c.objc; path = main.m; sourceTree = "<group>"; };
		7CF226ED1E33E15B00D38A76 /* Assets.xcassets */ = {isa = PBXFileReference; lastKnownFileType = folder.assetcatalog; path = Assets.xcassets; sourceTree = "<group>"; };
		7CF226F01E33E15B00D38A76 /* Base */ = {isa = PBXFileReference; lastKnownFileType = file.xib; name = Base; path = Base.lproj/MainMenu.xib; sourceTree = "<group>"; };
		7CF226F21E33E15B00D38A76 /* Info.plist */ = {isa = PBXFileReference; lastKnownFileType = text.plist.xml; path = Info.plist; sourceTree = "<group>"; };
		7CF85A7F1E35ACB40094C296 /* ProductData.h */ = {isa = PBXFileReference; fileEncoding = 4; lastKnownFileType = sourcecode.c.h; name = ProductData.h; path = Model/ProductData.h; sourceTree = "<group>"; };
		7CF85A801E35ACB40094C296 /* ProductData.m */ = {isa = PBXFileReference; fileEncoding = 4; lastKnownFileType = sourcecode.c.objc; name = ProductData.m; path = Model/ProductData.m; sourceTree = "<group>"; };
		7CF85A821E35AD6E0094C296 /* ProductListData.h */ = {isa = PBXFileReference; fileEncoding = 4; lastKnownFileType = sourcecode.c.h; name = ProductListData.h; path = Model/ProductListData.h; sourceTree = "<group>"; };
		7CF85A831E35AD6E0094C296 /* ProductListData.m */ = {isa = PBXFileReference; fileEncoding = 4; lastKnownFileType = sourcecode.c.objc; name = ProductListData.m; path = Model/ProductListData.m; sourceTree = "<group>"; };
/* End PBXFileReference section */

/* Begin PBXFrameworksBuildPhase section */
		7CF226E11E33E15B00D38A76 /* Frameworks */ = {
			isa = PBXFrameworksBuildPhase;
			buildActionMask = 2147483647;
			files = (
			);
			runOnlyForDeploymentPostprocessing = 0;
		};
/* End PBXFrameworksBuildPhase section */

/* Begin PBXGroup section */
		7CF226DB1E33E15B00D38A76 = {
			isa = PBXGroup;
			children = (
				7CF226E61E33E15B00D38A76 /* MasterDetail */,
				7CF226E51E33E15B00D38A76 /* Products */,
			);
			sourceTree = "<group>";
		};
		7CF226E51E33E15B00D38A76 /* Products */ = {
			isa = PBXGroup;
			children = (
				7CF226E41E33E15B00D38A76 /* MasterDetail.app */,
			);
			name = Products;
			sourceTree = "<group>";
		};
		7CF226E61E33E15B00D38A76 /* MasterDetail */ = {
			isa = PBXGroup;
			children = (
				7CF226E71E33E15B00D38A76 /* AppDelegate.h */,
				7CF226E81E33E15B00D38A76 /* AppDelegate.m */,
				7CF85A7E1E35AC980094C296 /* Model */,
				7CF226ED1E33E15B00D38A76 /* Assets.xcassets */,
				7CF226EF1E33E15B00D38A76 /* MainMenu.xib */,
				7CF226F21E33E15B00D38A76 /* Info.plist */,
				7CF226EA1E33E15B00D38A76 /* Supporting Files */,
			);
			path = MasterDetail;
			sourceTree = "<group>";
		};
		7CF226EA1E33E15B00D38A76 /* Supporting Files */ = {
			isa = PBXGroup;
			children = (
				7CF226EB1E33E15B00D38A76 /* main.m */,
			);
			name = "Supporting Files";
			sourceTree = "<group>";
		};
		7CF85A7E1E35AC980094C296 /* Model */ = {
			isa = PBXGroup;
			children = (
				7CF85A7F1E35ACB40094C296 /* ProductData.h */,
				7CF85A801E35ACB40094C296 /* ProductData.m */,
				7CF85A821E35AD6E0094C296 /* ProductListData.h */,
				7CF85A831E35AD6E0094C296 /* ProductListData.m */,
			);
			name = Model;
			sourceTree = "<group>";
		};
/* End PBXGroup section */

/* Begin PBXNativeTarget section */
		7CF226E31E33E15B00D38A76 /* MasterDetail */ = {
			isa = PBXNativeTarget;
			buildConfigurationList = 7CF226F51E33E15B00D38A76 /* Build configuration list for PBXNativeTarget "MasterDetail" */;
			buildPhases = (
				7CF226E01E33E15B00D38A76 /* Sources */,
				7CF226E11E33E15B00D38A76 /* Frameworks */,
				7CF226E21E33E15B00D38A76 /* Resources */,
			);
			buildRules = (
			);
			dependencies = (
			);
			name = MasterDetail;
			productName = MasterDetail;
			productReference = 7CF226E41E33E15B00D38A76 /* MasterDetail.app */;
			productType = "com.apple.product-type.application";
		};
/* End PBXNativeTarget section */

/* Begin PBXProject section */
		7CF226DC1E33E15B00D38A76 /* Project object */ = {
			isa = PBXProject;
			attributes = {
				LastUpgradeCheck = 0820;
				ORGANIZATIONNAME = "Michael Vilabrera";
				TargetAttributes = {
					7CF226E31E33E15B00D38A76 = {
						CreatedOnToolsVersion = 8.2.1;
						DevelopmentTeam = 5Q3CLN5Y6Q;
						ProvisioningStyle = Automatic;
					};
				};
			};
			buildConfigurationList = 7CF226DF1E33E15B00D38A76 /* Build configuration list for PBXProject "MasterDetail" */;
			compatibilityVersion = "Xcode 3.2";
			developmentRegion = English;
			hasScannedForEncodings = 0;
			knownRegions = (
				en,
				Base,
			);
			mainGroup = 7CF226DB1E33E15B00D38A76;
			productRefGroup = 7CF226E51E33E15B00D38A76 /* Products */;
			projectDirPath = "";
			projectRoot = "";
			targets = (
				7CF226E31E33E15B00D38A76 /* MasterDetail */,
			);
		};
/* End PBXProject section */

/* Begin PBXResourcesBuildPhase section */
		7CF226E21E33E15B00D38A76 /* Resources */ = {
			isa = PBXResourcesBuildPhase;
			buildActionMask = 2147483647;
			files = (
				7CF226EE1E33E15B00D38A76 /* Assets.xcassets in Resources */,
				7CF226F11E33E15B00D38A76 /* MainMenu.xib in Resources */,
			);
			runOnlyForDeploymentPostprocessing = 0;
		};
/* End PBXResourcesBuildPhase section */

/* Begin PBXSourcesBuildPhase section */
		7CF226E01E33E15B00D38A76 /* Sources */ = {
			isa = PBXSourcesBuildPhase;
			buildActionMask = 2147483647;
			files = (
				7CF226EC1E33E15B00D38A76 /* main.m in Sources */,
				7CF226E91E33E15B00D38A76 /* AppDelegate.m in Sources */,
				7CF85A811E35ACB40094C296 /* ProductData.m in Sources */,
				7CF85A841E35AD6E0094C296 /* ProductListData.m in Sources */,
			);
			runOnlyForDeploymentPostprocessing = 0;
		};
/* End PBXSourcesBuildPhase section */

/* Begin PBXVariantGroup section */
		7CF226EF1E33E15B00D38A76 /* MainMenu.xib */ = {
			isa = PBXVariantGroup;
			children = (
				7CF226F01E33E15B00D38A76 /* Base */,
			);
			name = MainMenu.xib;
			sourceTree = "<group>";
		};
/* End PBXVariantGroup section */

/* Begin XCBuildConfiguration section */
		7CF226F31E33E15B00D38A76 /* Debug */ = {
			isa = XCBuildConfiguration;
			buildSettings = {
				ALWAYS_SEARCH_USER_PATHS = NO;
				CLANG_ANALYZER_NONNULL = YES;
				CLANG_CXX_LANGUAGE_STANDARD = "gnu++0x";
				CLANG_CXX_LIBRARY = "libc++";
				CLANG_ENABLE_MODULES = YES;
				CLANG_ENABLE_OBJC_ARC = YES;
				CLANG_WARN_BOOL_CONVERSION = YES;
				CLANG_WARN_CONSTANT_CONVERSION = YES;
				CLANG_WARN_DIRECT_OBJC_ISA_USAGE = YES_ERROR;
				CLANG_WARN_DOCUMENTATION_COMMENTS = YES;
				CLANG_WARN_EMPTY_BODY = YES;
				CLANG_WARN_ENUM_CONVERSION = YES;
				CLANG_WARN_INFINITE_RECURSION = YES;
				CLANG_WARN_INT_CONVERSION = YES;
				CLANG_WARN_OBJC_ROOT_CLASS = YES_ERROR;
				CLANG_WARN_SUSPICIOUS_MOVE = YES;
				CLANG_WARN_UNREACHABLE_CODE = YES;
				CLANG_WARN__DUPLICATE_METHOD_MATCH = YES;
				CODE_SIGN_IDENTITY = "-";
				COPY_PHASE_STRIP = NO;
				DEBUG_INFORMATION_FORMAT = dwarf;
				ENABLE_STRICT_OBJC_MSGSEND = YES;
				ENABLE_TESTABILITY = YES;
				GCC_C_LANGUAGE_STANDARD = gnu99;
				GCC_DYNAMIC_NO_PIC = NO;
				GCC_NO_COMMON_BLOCKS = YES;
				GCC_OPTIMIZATION_LEVEL = 0;
				GCC_PREPROCESSOR_DEFINITIONS = (
					"DEBUG=1",
					"$(inherited)",
				);
				GCC_WARN_64_TO_32_BIT_CONVERSION = YES;
				GCC_WARN_ABOUT_RETURN_TYPE = YES_ERROR;
				GCC_WARN_UNDECLARED_SELECTOR = YES;
				GCC_WARN_UNINITIALIZED_AUTOS = YES_AGGRESSIVE;
				GCC_WARN_UNUSED_FUNCTION = YES;
				GCC_WARN_UNUSED_VARIABLE = YES;
				MACOSX_DEPLOYMENT_TARGET = 10.12;
				MTL_ENABLE_DEBUG_INFO = YES;
				ONLY_ACTIVE_ARCH = YES;
				SDKROOT = macosx;
			};
			name = Debug;
		};
		7CF226F41E33E15B00D38A76 /* Release */ = {
			isa = XCBuildConfiguration;
			buildSettings = {
				ALWAYS_SEARCH_USER_PATHS = NO;
				CLANG_ANALYZER_NONNULL = YES;
				CLANG_CXX_LANGUAGE_STANDARD = "gnu++0x";
				CLANG_CXX_LIBRARY = "libc++";
				CLANG_ENABLE_MODULES = YES;
				CLANG_ENABLE_OBJC_ARC = YES;
				CLANG_WARN_BOOL_CONVERSION = YES;
				CLANG_WARN_CONSTANT_CONVERSION = YES;
				CLANG_WARN_DIRECT_OBJC_ISA_USAGE = YES_ERROR;
				CLANG_WARN_DOCUMENTATION_COMMENTS = YES;
				CLANG_WARN_EMPTY_BODY = YES;
				CLANG_WARN_ENUM_CONVERSION = YES;
				CLANG_WARN_INFINITE_RECURSION = YES;
				CLANG_WARN_INT_CONVERSION = YES;
				CLANG_WARN_OBJC_ROOT_CLASS = YES_ERROR;
				CLANG_WARN_SUSPICIOUS_MOVE = YES;
				CLANG_WARN_UNREACHABLE_CODE = YES;
				CLANG_WARN__DUPLICATE_METHOD_MATCH = YES;
				CODE_SIGN_IDENTITY = "-";
				COPY_PHASE_STRIP = NO;
				DEBUG_INFORMATION_FORMAT = "dwarf-with-dsym";
				ENABLE_NS_ASSERTIONS = NO;
				ENABLE_STRICT_OBJC_MSGSEND = YES;
				GCC_C_LANGUAGE_STANDARD = gnu99;
				GCC_NO_COMMON_BLOCKS = YES;
				GCC_WARN_64_TO_32_BIT_CONVERSION = YES;
				GCC_WARN_ABOUT_RETURN_TYPE = YES_ERROR;
				GCC_WARN_UNDECLARED_SELECTOR = YES;
				GCC_WARN_UNINITIALIZED_AUTOS = YES_AGGRESSIVE;
				GCC_WARN_UNUSED_FUNCTION = YES;
				GCC_WARN_UNUSED_VARIABLE = YES;
				MACOSX_DEPLOYMENT_TARGET = 10.12;
				MTL_ENABLE_DEBUG_INFO = NO;
				SDKROOT = macosx;
			};
			name = Release;
		};
		7CF226F61E33E15B00D38A76 /* Debug */ = {
			isa = XCBuildConfiguration;
			buildSettings = {
				ASSETCATALOG_COMPILER_APPICON_NAME = AppIcon;
				COMBINE_HIDPI_IMAGES = YES;
				DEVELOPMENT_TEAM = 5Q3CLN5Y6Q;
				INFOPLIST_FILE = MasterDetail/Info.plist;
				LD_RUNPATH_SEARCH_PATHS = "$(inherited) @executable_path/../Frameworks";
				PRODUCT_BUNDLE_IDENTIFIER = FullMetalFist.MasterDetail;
				PRODUCT_NAME = "$(TARGET_NAME)";
			};
			name = Debug;
		};
		7CF226F71E33E15B00D38A76 /* Release */ = {
			isa = XCBuildConfiguration;
			buildSettings = {
				ASSETCATALOG_COMPILER_APPICON_NAME = AppIcon;
				COMBINE_HIDPI_IMAGES = YES;
				DEVELOPMENT_TEAM = 5Q3CLN5Y6Q;
				INFOPLIST_FILE = MasterDetail/Info.plist;
				LD_RUNPATH_SEARCH_PATHS = "$(inherited) @executable_path/../Frameworks";
				PRODUCT_BUNDLE_IDENTIFIER = FullMetalFist.MasterDetail;
				PRODUCT_NAME = "$(TARGET_NAME)";
			};
			name = Release;
		};
/* End XCBuildConfiguration section */

/* Begin XCConfigurationList section */
		7CF226DF1E33E15B00D38A76 /* Build configuration list for PBXProject "MasterDetail" */ = {
			isa = XCConfigurationList;
			buildConfigurations = (
				7CF226F31E33E15B00D38A76 /* Debug */,
				7CF226F41E33E15B00D38A76 /* Release */,
			);
			defaultConfigurationIsVisible = 0;
			defaultConfigurationName = Release;
		};
		7CF226F51E33E15B00D38A76 /* Build configuration list for PBXNativeTarget "MasterDetail" */ = {
			isa = XCConfigurationList;
			buildConfigurations = (
				7CF226F61E33E15B00D38A76 /* Debug */,
				7CF226F71E33E15B00D38A76 /* Release */,
			);
			defaultConfigurationIsVisible = 0;
			defaultConfigurationName = Release;
		};
/* End XCConfigurationList section */
	};
	rootObject = 7CF226DC1E33E15B00D38A76 /* Project object */;
}
